
Microsoft Visual Studio Solution File, Format Version 12.00
# Visual Studio Version 17
VisualStudioVersion = 17.9.34511.98
MinimumVisualStudioVersion = 10.0.40219.1
Project("{9A19103F-16F7-4668-BE54-9A1E7A4F7556}") = "DocsBlobStorage", "DocsBlobStorage\DocsBlobStorage.csproj", "{F3C3C4D8-A83B-42CA-9992-9627A3FEF575}"
EndProject
Project("{FAE04EC0-301F-11D3-BF4B-00C04F79EFBC}") = "DocsBlobStorage.Tests", "DocsBlobStorage.Tests\DocsBlobStorage.Tests.csproj", "{65C8B600-9D54-4BA0-897E-EA822CDF075F}"
EndProject
Global
	GlobalSection(SolutionConfigurationPlatforms) = preSolution
		Debug|Any CPU = Debug|Any CPU
		Release|Any CPU = Release|Any CPU
	EndGlobalSection
	GlobalSection(ProjectConfigurationPlatforms) = postSolution
		{F3C3C4D8-A83B-42CA-9992-9627A3FEF575}.Debug|Any CPU.ActiveCfg = Debug|Any CPU
		{F3C3C4D8-A83B-42CA-9992-9627A3FEF575}.Debug|Any CPU.Build.0 = Debug|Any CPU
		{F3C3C4D8-A83B-42CA-9992-9627A3FEF575}.Release|Any CPU.ActiveCfg = Release|Any CPU
		{F3C3C4D8-A83B-42CA-9992-9627A3FEF575}.Release|Any CPU.Build.0 = Release|Any CPU
		{65C8B600-9D54-4BA0-897E-EA822CDF075F}.Debug|Any CPU.ActiveCfg = Debug|Any CPU
		{65C8B600-9D54-4BA0-897E-EA822CDF075F}.Debug|Any CPU.Build.0 = Debug|Any CPU
		{65C8B600-9D54-4BA0-897E-EA822CDF075F}.Release|Any CPU.ActiveCfg = Release|Any CPU
		{65C8B600-9D54-4BA0-897E-EA822CDF075F}.Release|Any CPU.Build.0 = Release|Any CPU
	EndGlobalSection
	GlobalSection(SolutionProperties) = preSolution
		HideSolutionNode = FALSE
	EndGlobalSection
	GlobalSection(ExtensibilityGlobals) = postSolution
		SolutionGuid = {390DFD8F-93E7-40EC-B551-5259B03D4BB0}
	EndGlobalSection
EndGlobal
